
Microsoft Visual Studio Solution File, Format Version 12.00
# Visual Studio 15
VisualStudioVersion = 15.0.26124.0
MinimumVisualStudioVersion = 15.0.26124.0
Project("{FAE04EC0-301F-11D3-BF4B-00C04F79EFBC}") = "TechTalksWeb", "TechTalksWeb\TechTalksWeb.csproj", "{A8C7F771-7074-4E4C-98E8-DDE2E0A47CA3}"
EndProject
Project("{FAE04EC0-301F-11D3-BF4B-00C04F79EFBC}") = "TechTalksAPI", "TechTalksAPI\TechTalksAPI.csproj", "{FE0F34FA-D884-492B-A4E5-234B4FE12438}"
EndProject
Project("{FAE04EC0-301F-11D3-BF4B-00C04F79EFBC}") = "TechTalksMQProcessor", "TechTalksMQProcessor\TechTalksMQProcessor.csproj", "{43956D9C-2197-4965-B3E4-8DD99C3A28CA}"
EndProject
Project("{FAE04EC0-301F-11D3-BF4B-00C04F79EFBC}") = "TechTalksModel", "TechTalksModel\TechTalksModel.csproj", "{620227B7-C3B4-4446-8D08-16CEC3314F9F}"
EndProject
Project("{FAE04EC0-301F-11D3-BF4B-00C04F79EFBC}") = "TechTalksELKProcessor", "TechTalksELKProcessor\TechTalksELKProcessor.csproj", "{AA5912FE-C607-4E8E-99B4-BDB63FD99957}"
EndProject
Global
	GlobalSection(SolutionConfigurationPlatforms) = preSolution
		Debug|Any CPU = Debug|Any CPU
		Debug|x64 = Debug|x64
		Debug|x86 = Debug|x86
		Release|Any CPU = Release|Any CPU
		Release|x64 = Release|x64
		Release|x86 = Release|x86
	EndGlobalSection
	GlobalSection(SolutionProperties) = preSolution
		HideSolutionNode = FALSE
	EndGlobalSection
	GlobalSection(ProjectConfigurationPlatforms) = postSolution
		{A8C7F771-7074-4E4C-98E8-DDE2E0A47CA3}.Debug|Any CPU.ActiveCfg = Debug|Any CPU
		{A8C7F771-7074-4E4C-98E8-DDE2E0A47CA3}.Debug|Any CPU.Build.0 = Debug|Any CPU
		{A8C7F771-7074-4E4C-98E8-DDE2E0A47CA3}.Debug|x64.ActiveCfg = Debug|x64
		{A8C7F771-7074-4E4C-98E8-DDE2E0A47CA3}.Debug|x64.Build.0 = Debug|x64
		{A8C7F771-7074-4E4C-98E8-DDE2E0A47CA3}.Debug|x86.ActiveCfg = Debug|x86
		{A8C7F771-7074-4E4C-98E8-DDE2E0A47CA3}.Debug|x86.Build.0 = Debug|x86
		{A8C7F771-7074-4E4C-98E8-DDE2E0A47CA3}.Release|Any CPU.ActiveCfg = Release|Any CPU
		{A8C7F771-7074-4E4C-98E8-DDE2E0A47CA3}.Release|Any CPU.Build.0 = Release|Any CPU
		{A8C7F771-7074-4E4C-98E8-DDE2E0A47CA3}.Release|x64.ActiveCfg = Release|x64
		{A8C7F771-7074-4E4C-98E8-DDE2E0A47CA3}.Release|x64.Build.0 = Release|x64
		{A8C7F771-7074-4E4C-98E8-DDE2E0A47CA3}.Release|x86.ActiveCfg = Release|x86
		{A8C7F771-7074-4E4C-98E8-DDE2E0A47CA3}.Release|x86.Build.0 = Release|x86
		{FE0F34FA-D884-492B-A4E5-234B4FE12438}.Debug|Any CPU.ActiveCfg = Debug|Any CPU
		{FE0F34FA-D884-492B-A4E5-234B4FE12438}.Debug|Any CPU.Build.0 = Debug|Any CPU
		{FE0F34FA-D884-492B-A4E5-234B4FE12438}.Debug|x64.ActiveCfg = Debug|x64
		{FE0F34FA-D884-492B-A4E5-234B4FE12438}.Debug|x64.Build.0 = Debug|x64
		{FE0F34FA-D884-492B-A4E5-234B4FE12438}.Debug|x86.ActiveCfg = Debug|x86
		{FE0F34FA-D884-492B-A4E5-234B4FE12438}.Debug|x86.Build.0 = Debug|x86
		{FE0F34FA-D884-492B-A4E5-234B4FE12438}.Release|Any CPU.ActiveCfg = Release|Any CPU
		{FE0F34FA-D884-492B-A4E5-234B4FE12438}.Release|Any CPU.Build.0 = Release|Any CPU
		{FE0F34FA-D884-492B-A4E5-234B4FE12438}.Release|x64.ActiveCfg = Release|x64
		{FE0F34FA-D884-492B-A4E5-234B4FE12438}.Release|x64.Build.0 = Release|x64
		{FE0F34FA-D884-492B-A4E5-234B4FE12438}.Release|x86.ActiveCfg = Release|x86
		{FE0F34FA-D884-492B-A4E5-234B4FE12438}.Release|x86.Build.0 = Release|x86
		{43956D9C-2197-4965-B3E4-8DD99C3A28CA}.Debug|Any CPU.ActiveCfg = Debug|Any CPU
		{43956D9C-2197-4965-B3E4-8DD99C3A28CA}.Debug|Any CPU.Build.0 = Debug|Any CPU
		{43956D9C-2197-4965-B3E4-8DD99C3A28CA}.Debug|x64.ActiveCfg = Debug|x64
		{43956D9C-2197-4965-B3E4-8DD99C3A28CA}.Debug|x64.Build.0 = Debug|x64
		{43956D9C-2197-4965-B3E4-8DD99C3A28CA}.Debug|x86.ActiveCfg = Debug|x86
		{43956D9C-2197-4965-B3E4-8DD99C3A28CA}.Debug|x86.Build.0 = Debug|x86
		{43956D9C-2197-4965-B3E4-8DD99C3A28CA}.Release|Any CPU.ActiveCfg = Release|Any CPU
		{43956D9C-2197-4965-B3E4-8DD99C3A28CA}.Release|Any CPU.Build.0 = Release|Any CPU
		{43956D9C-2197-4965-B3E4-8DD99C3A28CA}.Release|x64.ActiveCfg = Release|x64
		{43956D9C-2197-4965-B3E4-8DD99C3A28CA}.Release|x64.Build.0 = Release|x64
		{43956D9C-2197-4965-B3E4-8DD99C3A28CA}.Release|x86.ActiveCfg = Release|x86
		{43956D9C-2197-4965-B3E4-8DD99C3A28CA}.Release|x86.Build.0 = Release|x86
		{620227B7-C3B4-4446-8D08-16CEC3314F9F}.Debug|Any CPU.ActiveCfg = Debug|Any CPU
		{620227B7-C3B4-4446-8D08-16CEC3314F9F}.Debug|Any CPU.Build.0 = Debug|Any CPU
		{620227B7-C3B4-4446-8D08-16CEC3314F9F}.Debug|x64.ActiveCfg = Debug|x64
		{620227B7-C3B4-4446-8D08-16CEC3314F9F}.Debug|x64.Build.0 = Debug|x64
		{620227B7-C3B4-4446-8D08-16CEC3314F9F}.Debug|x86.ActiveCfg = Debug|x86
		{620227B7-C3B4-4446-8D08-16CEC3314F9F}.Debug|x86.Build.0 = Debug|x86
		{620227B7-C3B4-4446-8D08-16CEC3314F9F}.Release|Any CPU.ActiveCfg = Release|Any CPU
		{620227B7-C3B4-4446-8D08-16CEC3314F9F}.Release|Any CPU.Build.0 = Release|Any CPU
		{620227B7-C3B4-4446-8D08-16CEC3314F9F}.Release|x64.ActiveCfg = Release|x64
		{620227B7-C3B4-4446-8D08-16CEC3314F9F}.Release|x64.Build.0 = Release|x64
		{620227B7-C3B4-4446-8D08-16CEC3314F9F}.Release|x86.ActiveCfg = Release|x86
		{620227B7-C3B4-4446-8D08-16CEC3314F9F}.Release|x86.Build.0 = Release|x86
		{AA5912FE-C607-4E8E-99B4-BDB63FD99957}.Debug|Any CPU.ActiveCfg = Debug|Any CPU
		{AA5912FE-C607-4E8E-99B4-BDB63FD99957}.Debug|Any CPU.Build.0 = Debug|Any CPU
		{AA5912FE-C607-4E8E-99B4-BDB63FD99957}.Debug|x64.ActiveCfg = Debug|x64
		{AA5912FE-C607-4E8E-99B4-BDB63FD99957}.Debug|x64.Build.0 = Debug|x64
		{AA5912FE-C607-4E8E-99B4-BDB63FD99957}.Debug|x86.ActiveCfg = Debug|x86
		{AA5912FE-C607-4E8E-99B4-BDB63FD99957}.Debug|x86.Build.0 = Debug|x86
		{AA5912FE-C607-4E8E-99B4-BDB63FD99957}.Release|Any CPU.ActiveCfg = Release|Any CPU
		{AA5912FE-C607-4E8E-99B4-BDB63FD99957}.Release|Any CPU.Build.0 = Release|Any CPU
		{AA5912FE-C607-4E8E-99B4-BDB63FD99957}.Release|x64.ActiveCfg = Release|x64
		{AA5912FE-C607-4E8E-99B4-BDB63FD99957}.Release|x64.Build.0 = Release|x64
		{AA5912FE-C607-4E8E-99B4-BDB63FD99957}.Release|x86.ActiveCfg = Release|x86
		{AA5912FE-C607-4E8E-99B4-BDB63FD99957}.Release|x86.Build.0 = Release|x86
	EndGlobalSection
EndGlobal
